
Microsoft Visual Studio Solution File, Format Version 12.00
# Visual Studio Version 17
VisualStudioVersion = 17.3.32929.385
MinimumVisualStudioVersion = 10.0.40219.1
Project("{FAE04EC0-301F-11D3-BF4B-00C04F79EFBC}") = "UMBIT.Infraestrutura.Core", "UMBIT.Infraestrutura.Core\UMBIT.Infraestrutura.Core.csproj", "{76F17228-67DE-488A-9E10-951F8930B713}"
EndProject
Project("{FAE04EC0-301F-11D3-BF4B-00C04F79EFBC}") = "UMBIT.MVC.Core", "..\UMBIT.MVC.Core\UMBIT.MVC.Core\UMBIT.MVC.Core.csproj", "{F6C08BD7-3996-426D-A61D-0569A12867D3}"
EndProject
Global
	GlobalSection(SolutionConfigurationPlatforms) = preSolution
		Debug|Any CPU = Debug|Any CPU
		Release|Any CPU = Release|Any CPU
	EndGlobalSection
	GlobalSection(ProjectConfigurationPlatforms) = postSolution
		{76F17228-67DE-488A-9E10-951F8930B713}.Debug|Any CPU.ActiveCfg = Debug|Any CPU
		{76F17228-67DE-488A-9E10-951F8930B713}.Debug|Any CPU.Build.0 = Debug|Any CPU
		{76F17228-67DE-488A-9E10-951F8930B713}.Release|Any CPU.ActiveCfg = Release|Any CPU
		{76F17228-67DE-488A-9E10-951F8930B713}.Release|Any CPU.Build.0 = Release|Any CPU
		{F6C08BD7-3996-426D-A61D-0569A12867D3}.Debug|Any CPU.ActiveCfg = Debug|Any CPU
		{F6C08BD7-3996-426D-A61D-0569A12867D3}.Debug|Any CPU.Build.0 = Debug|Any CPU
		{F6C08BD7-3996-426D-A61D-0569A12867D3}.Release|Any CPU.ActiveCfg = Release|Any CPU
		{F6C08BD7-3996-426D-A61D-0569A12867D3}.Release|Any CPU.Build.0 = Release|Any CPU
	EndGlobalSection
	GlobalSection(SolutionProperties) = preSolution
		HideSolutionNode = FALSE
	EndGlobalSection
	GlobalSection(ExtensibilityGlobals) = postSolution
		SolutionGuid = {ED22235B-AB03-4135-ABC6-7F3A6CF91380}
	EndGlobalSection
EndGlobal
